
Microsoft Visual Studio Solution File, Format Version 12.00
# Visual Studio Version 17
VisualStudioVersion = 17.6.33829.357
MinimumVisualStudioVersion = 10.0.40219.1
Project("{9A19103F-16F7-4668-BE54-9A1E7A4F7556}") = "DeveOspStreamCombiner", "DeveOspStreamCombiner\DeveOspStreamCombiner.csproj", "{61BB9B69-7ED0-4C6C-98B7-BB66B4DF723B}"
EndProject
Project("{FAE04EC0-301F-11D3-BF4B-00C04F79EFBC}") = "DeveOspStreamCombiner.Tests", "DeveOspStreamCombiner.Tests\DeveOspStreamCombiner.Tests.csproj", "{639E2155-62EE-49C6-87A2-8E83EF074A1F}"
EndProject
Global
	GlobalSection(SolutionConfigurationPlatforms) = preSolution
		Debug|Any CPU = Debug|Any CPU
		Release|Any CPU = Release|Any CPU
	EndGlobalSection
	GlobalSection(ProjectConfigurationPlatforms) = postSolution
		{61BB9B69-7ED0-4C6C-98B7-BB66B4DF723B}.Debug|Any CPU.ActiveCfg = Debug|Any CPU
		{61BB9B69-7ED0-4C6C-98B7-BB66B4DF723B}.Debug|Any CPU.Build.0 = Debug|Any CPU
		{61BB9B69-7ED0-4C6C-98B7-BB66B4DF723B}.Release|Any CPU.ActiveCfg = Release|Any CPU
		{61BB9B69-7ED0-4C6C-98B7-BB66B4DF723B}.Release|Any CPU.Build.0 = Release|Any CPU
		{639E2155-62EE-49C6-87A2-8E83EF074A1F}.Debug|Any CPU.ActiveCfg = Debug|Any CPU
		{639E2155-62EE-49C6-87A2-8E83EF074A1F}.Debug|Any CPU.Build.0 = Debug|Any CPU
		{639E2155-62EE-49C6-87A2-8E83EF074A1F}.Release|Any CPU.ActiveCfg = Release|Any CPU
		{639E2155-62EE-49C6-87A2-8E83EF074A1F}.Release|Any CPU.Build.0 = Release|Any CPU
	EndGlobalSection
	GlobalSection(SolutionProperties) = preSolution
		HideSolutionNode = FALSE
	EndGlobalSection
	GlobalSection(ExtensibilityGlobals) = postSolution
		SolutionGuid = {0C99A668-C8FD-42E4-90A2-A4F97BBE9AB8}
	EndGlobalSection
EndGlobal
